
Microsoft Visual Studio Solution File, Format Version 12.00
# Visual Studio Version 17
VisualStudioVersion = 17.14.36109.1 d17.14
MinimumVisualStudioVersion = 10.0.40219.1
Project("{FAE04EC0-301F-11D3-BF4B-00C04F79EFBC}") = "LSC.SmartCertify.API", "LSC.SmartCertify.API.csproj", "{4F1EEF29-998D-4A0A-8E18-7E3D76DB9ED5}"
EndProject
Project("{FAE04EC0-301F-11D3-BF4B-00C04F79EFBC}") = "LSC.SmartCertify.Domain", "..\LSC.SmartCertify.Domain\LSC.SmartCertify.Domain.csproj", "{430982EB-3640-4D1B-9F80-1F47898E6040}"
EndProject
Project("{FAE04EC0-301F-11D3-BF4B-00C04F79EFBC}") = "LSC.SmartCertify.Application", "..\LSC.SmartCertify.Application\LSC.SmartCertify.Application.csproj", "{5719A85B-5A6E-4364-BD17-6DC8B77A4281}"
EndProject
Project("{FAE04EC0-301F-11D3-BF4B-00C04F79EFBC}") = "LSC.SmartCertify.Infrastructure", "..\LSC.SmartCertify.Infrastructure\LSC.SmartCertify.Infrastructure.csproj", "{74EC581C-8213-409C-8290-C375C422E796}"
EndProject
Global
	GlobalSection(SolutionConfigurationPlatforms) = preSolution
		Debug|Any CPU = Debug|Any CPU
		Release|Any CPU = Release|Any CPU
	EndGlobalSection
	GlobalSection(ProjectConfigurationPlatforms) = postSolution
		{4F1EEF29-998D-4A0A-8E18-7E3D76DB9ED5}.Debug|Any CPU.ActiveCfg = Debug|Any CPU
		{4F1EEF29-998D-4A0A-8E18-7E3D76DB9ED5}.Debug|Any CPU.Build.0 = Debug|Any CPU
		{4F1EEF29-998D-4A0A-8E18-7E3D76DB9ED5}.Release|Any CPU.ActiveCfg = Release|Any CPU
		{4F1EEF29-998D-4A0A-8E18-7E3D76DB9ED5}.Release|Any CPU.Build.0 = Release|Any CPU
		{430982EB-3640-4D1B-9F80-1F47898E6040}.Debug|Any CPU.ActiveCfg = Debug|Any CPU
		{430982EB-3640-4D1B-9F80-1F47898E6040}.Debug|Any CPU.Build.0 = Debug|Any CPU
		{430982EB-3640-4D1B-9F80-1F47898E6040}.Release|Any CPU.ActiveCfg = Release|Any CPU
		{430982EB-3640-4D1B-9F80-1F47898E6040}.Release|Any CPU.Build.0 = Release|Any CPU
		{5719A85B-5A6E-4364-BD17-6DC8B77A4281}.Debug|Any CPU.ActiveCfg = Debug|Any CPU
		{5719A85B-5A6E-4364-BD17-6DC8B77A4281}.Debug|Any CPU.Build.0 = Debug|Any CPU
		{5719A85B-5A6E-4364-BD17-6DC8B77A4281}.Release|Any CPU.ActiveCfg = Release|Any CPU
		{5719A85B-5A6E-4364-BD17-6DC8B77A4281}.Release|Any CPU.Build.0 = Release|Any CPU
		{74EC581C-8213-409C-8290-C375C422E796}.Debug|Any CPU.ActiveCfg = Debug|Any CPU
		{74EC581C-8213-409C-8290-C375C422E796}.Debug|Any CPU.Build.0 = Debug|Any CPU
		{74EC581C-8213-409C-8290-C375C422E796}.Release|Any CPU.ActiveCfg = Release|Any CPU
		{74EC581C-8213-409C-8290-C375C422E796}.Release|Any CPU.Build.0 = Release|Any CPU
	EndGlobalSection
	GlobalSection(SolutionProperties) = preSolution
		HideSolutionNode = FALSE
	EndGlobalSection
	GlobalSection(ExtensibilityGlobals) = postSolution
		SolutionGuid = {DAFAD899-9F1F-4CFB-B03B-7CEE3DEF09CD}
	EndGlobalSection
EndGlobal
